
Microsoft Visual Studio Solution File, Format Version 12.00
# Visual Studio Version 17
VisualStudioVersion = 17.1.32319.34
MinimumVisualStudioVersion = 10.0.40219.1
Project("{FAE04EC0-301F-11D3-BF4B-00C04F79EFBC}") = "DP3_Anderson_Figueroa_FC250417", "DP3_Anderson_Figueroa_FC250417.csproj", "{0CEDD43A-1410-438E-8783-6A0454BA4516}"
EndProject
Global
	GlobalSection(SolutionConfigurationPlatforms) = preSolution
		Debug|Any CPU = Debug|Any CPU
		Release|Any CPU = Release|Any CPU
	EndGlobalSection
	GlobalSection(ProjectConfigurationPlatforms) = postSolution
		{0CEDD43A-1410-438E-8783-6A0454BA4516}.Debug|Any CPU.ActiveCfg = Debug|Any CPU
		{0CEDD43A-1410-438E-8783-6A0454BA4516}.Debug|Any CPU.Build.0 = Debug|Any CPU
		{0CEDD43A-1410-438E-8783-6A0454BA4516}.Release|Any CPU.ActiveCfg = Release|Any CPU
		{0CEDD43A-1410-438E-8783-6A0454BA4516}.Release|Any CPU.Build.0 = Release|Any CPU
	EndGlobalSection
	GlobalSection(SolutionProperties) = preSolution
		HideSolutionNode = FALSE
	EndGlobalSection
	GlobalSection(ExtensibilityGlobals) = postSolution
		SolutionGuid = {C803565B-6ED5-4ACE-ACEC-FFC143B6CA63}
	EndGlobalSection
EndGlobal
